
Microsoft Visual Studio Solution File, Format Version 12.00
# Visual Studio 16
Project("{FAE04EC0-301F-11D3-BF4B-00C04F79EFBC}") = "Assembly-CSharp", "Assembly-CSharp.csproj", "{98020568-1627-1204-04B4-D2551EEE9809}"
EndProject
Project("{FAE04EC0-301F-11D3-BF4B-00C04F79EFBC}") = "Assembly-CSharp-Editor", "Assembly-CSharp-Editor.csproj", "{A3428005-6922-81A3-6FA7-91F34AF9B172}"
EndProject
Global
	GlobalSection(SolutionConfigurationPlatforms) = preSolution
		Debug|Any CPU = Debug|Any CPU
		Release|Any CPU = Release|Any CPU
	EndGlobalSection
	GlobalSection(ProjectConfigurationPlatforms) = postSolution
		{98020568-1627-1204-04B4-D2551EEE9809}.Debug|Any CPU.ActiveCfg = Debug|Any CPU
		{98020568-1627-1204-04B4-D2551EEE9809}.Debug|Any CPU.Build.0 = Debug|Any CPU
		{98020568-1627-1204-04B4-D2551EEE9809}.Release|Any CPU.ActiveCfg = Release|Any CPU
		{98020568-1627-1204-04B4-D2551EEE9809}.Release|Any CPU.Build.0 = Release|Any CPU
		{A3428005-6922-81A3-6FA7-91F34AF9B172}.Debug|Any CPU.ActiveCfg = Debug|Any CPU
		{A3428005-6922-81A3-6FA7-91F34AF9B172}.Debug|Any CPU.Build.0 = Debug|Any CPU
		{A3428005-6922-81A3-6FA7-91F34AF9B172}.Release|Any CPU.ActiveCfg = Release|Any CPU
		{A3428005-6922-81A3-6FA7-91F34AF9B172}.Release|Any CPU.Build.0 = Release|Any CPU
	EndGlobalSection
	GlobalSection(SolutionProperties) = preSolution
		HideSolutionNode = FALSE
	EndGlobalSection
EndGlobal
